
Microsoft Visual Studio Solution File, Format Version 12.00
# Visual Studio 2013
VisualStudioVersion = 12.0.31101.0
MinimumVisualStudioVersion = 10.0.40219.1
Project("{FAE04EC0-301F-11D3-BF4B-00C04F79EFBC}") = "MapPlan", "MapPlan\MapPlan.csproj", "{29A3EF90-FF3B-4EB8-9FDE-CE970B67BE50}"
EndProject
Project("{FAE04EC0-301F-11D3-BF4B-00C04F79EFBC}") = "GISManager", "GISManager\GISManager.csproj", "{A7F5C785-9D30-42A2-9189-7E3C305676D6}"
EndProject
Project("{2150E333-8FDC-42A3-9474-1A3956D46DE8}") = "Extensions", "Extensions", "{D633D6C7-C972-47E4-89B6-CC60522FC17D}"
EndProject
Project("{FAE04EC0-301F-11D3-BF4B-00C04F79EFBC}") = "NodesManager", "NodesManager\NodesManager.csproj", "{EE694F3D-EC8A-4753-A5A0-6A44AD5F2526}"
EndProject
Project("{FAE04EC0-301F-11D3-BF4B-00C04F79EFBC}") = "LinksManager", "LinksManager\LinksManager.csproj", "{5CBAA07B-9D51-4D1B-B211-EE33C7E8AA24}"
EndProject
Project("{FAE04EC0-301F-11D3-BF4B-00C04F79EFBC}") = "CustomerManager", "CustomerManager\CustomerManager.csproj", "{1B02D329-10F7-4CDE-BC2D-1B8635CD25FA}"
EndProject
Project("{FAE04EC0-301F-11D3-BF4B-00C04F79EFBC}") = "ServicesManager", "ServicesManager\ServicesManager.csproj", "{5B8A3E95-A08A-4942-8CFE-83A55C696C85}"
EndProject
Project("{FAE04EC0-301F-11D3-BF4B-00C04F79EFBC}") = "ConnManagers", "ConnManagers\ConnManagers.csproj", "{100649B6-CB33-4911-8172-62DB651031A9}"
EndProject
Project("{FAE04EC0-301F-11D3-BF4B-00C04F79EFBC}") = "DataModel", "DataModel\DataModel.csproj", "{3DD1BE1B-EE79-4896-B799-7A3DABC556CE}"
EndProject
Project("{FAE04EC0-301F-11D3-BF4B-00C04F79EFBC}") = "MapsManager", "MapsManager\MapsManager.csproj", "{93A39FC5-C075-4926-9F97-649F66FE84D3}"
EndProject
Project("{FAE04EC0-301F-11D3-BF4B-00C04F79EFBC}") = "ScriptsManager", "ScriptsManager\ScriptsManager.csproj", "{3196FEF0-F965-4E07-AA47-FE11D357BBB4}"
EndProject
Project("{2150E333-8FDC-42A3-9474-1A3956D46DE8}") = "Database", "Database", "{BE1E2CD1-99E3-4FE8-8ED4-226D8A55E357}"
EndProject
Global
	GlobalSection(SolutionConfigurationPlatforms) = preSolution
		Debug|Any CPU = Debug|Any CPU
		Release|Any CPU = Release|Any CPU
	EndGlobalSection
	GlobalSection(ProjectConfigurationPlatforms) = postSolution
		{29A3EF90-FF3B-4EB8-9FDE-CE970B67BE50}.Debug|Any CPU.ActiveCfg = Debug|Any CPU
		{29A3EF90-FF3B-4EB8-9FDE-CE970B67BE50}.Debug|Any CPU.Build.0 = Debug|Any CPU
		{29A3EF90-FF3B-4EB8-9FDE-CE970B67BE50}.Release|Any CPU.ActiveCfg = Release|Any CPU
		{29A3EF90-FF3B-4EB8-9FDE-CE970B67BE50}.Release|Any CPU.Build.0 = Release|Any CPU
		{A7F5C785-9D30-42A2-9189-7E3C305676D6}.Debug|Any CPU.ActiveCfg = Debug|Any CPU
		{A7F5C785-9D30-42A2-9189-7E3C305676D6}.Debug|Any CPU.Build.0 = Debug|Any CPU
		{A7F5C785-9D30-42A2-9189-7E3C305676D6}.Release|Any CPU.ActiveCfg = Release|Any CPU
		{A7F5C785-9D30-42A2-9189-7E3C305676D6}.Release|Any CPU.Build.0 = Release|Any CPU
		{EE694F3D-EC8A-4753-A5A0-6A44AD5F2526}.Debug|Any CPU.ActiveCfg = Debug|Any CPU
		{EE694F3D-EC8A-4753-A5A0-6A44AD5F2526}.Debug|Any CPU.Build.0 = Debug|Any CPU
		{EE694F3D-EC8A-4753-A5A0-6A44AD5F2526}.Release|Any CPU.ActiveCfg = Release|Any CPU
		{EE694F3D-EC8A-4753-A5A0-6A44AD5F2526}.Release|Any CPU.Build.0 = Release|Any CPU
		{5CBAA07B-9D51-4D1B-B211-EE33C7E8AA24}.Debug|Any CPU.ActiveCfg = Debug|Any CPU
		{5CBAA07B-9D51-4D1B-B211-EE33C7E8AA24}.Debug|Any CPU.Build.0 = Debug|Any CPU
		{5CBAA07B-9D51-4D1B-B211-EE33C7E8AA24}.Release|Any CPU.ActiveCfg = Release|Any CPU
		{5CBAA07B-9D51-4D1B-B211-EE33C7E8AA24}.Release|Any CPU.Build.0 = Release|Any CPU
		{1B02D329-10F7-4CDE-BC2D-1B8635CD25FA}.Debug|Any CPU.ActiveCfg = Debug|Any CPU
		{1B02D329-10F7-4CDE-BC2D-1B8635CD25FA}.Debug|Any CPU.Build.0 = Debug|Any CPU
		{1B02D329-10F7-4CDE-BC2D-1B8635CD25FA}.Release|Any CPU.ActiveCfg = Release|Any CPU
		{1B02D329-10F7-4CDE-BC2D-1B8635CD25FA}.Release|Any CPU.Build.0 = Release|Any CPU
		{5B8A3E95-A08A-4942-8CFE-83A55C696C85}.Debug|Any CPU.ActiveCfg = Debug|Any CPU
		{5B8A3E95-A08A-4942-8CFE-83A55C696C85}.Debug|Any CPU.Build.0 = Debug|Any CPU
		{5B8A3E95-A08A-4942-8CFE-83A55C696C85}.Release|Any CPU.ActiveCfg = Release|Any CPU
		{5B8A3E95-A08A-4942-8CFE-83A55C696C85}.Release|Any CPU.Build.0 = Release|Any CPU
		{100649B6-CB33-4911-8172-62DB651031A9}.Debug|Any CPU.ActiveCfg = Debug|Any CPU
		{100649B6-CB33-4911-8172-62DB651031A9}.Debug|Any CPU.Build.0 = Debug|Any CPU
		{100649B6-CB33-4911-8172-62DB651031A9}.Release|Any CPU.ActiveCfg = Release|Any CPU
		{100649B6-CB33-4911-8172-62DB651031A9}.Release|Any CPU.Build.0 = Release|Any CPU
		{3DD1BE1B-EE79-4896-B799-7A3DABC556CE}.Debug|Any CPU.ActiveCfg = Debug|Any CPU
		{3DD1BE1B-EE79-4896-B799-7A3DABC556CE}.Debug|Any CPU.Build.0 = Debug|Any CPU
		{3DD1BE1B-EE79-4896-B799-7A3DABC556CE}.Release|Any CPU.ActiveCfg = Release|Any CPU
		{3DD1BE1B-EE79-4896-B799-7A3DABC556CE}.Release|Any CPU.Build.0 = Release|Any CPU
		{93A39FC5-C075-4926-9F97-649F66FE84D3}.Debug|Any CPU.ActiveCfg = Debug|Any CPU
		{93A39FC5-C075-4926-9F97-649F66FE84D3}.Debug|Any CPU.Build.0 = Debug|Any CPU
		{93A39FC5-C075-4926-9F97-649F66FE84D3}.Release|Any CPU.ActiveCfg = Release|Any CPU
		{93A39FC5-C075-4926-9F97-649F66FE84D3}.Release|Any CPU.Build.0 = Release|Any CPU
		{3196FEF0-F965-4E07-AA47-FE11D357BBB4}.Debug|Any CPU.ActiveCfg = Debug|Any CPU
		{3196FEF0-F965-4E07-AA47-FE11D357BBB4}.Debug|Any CPU.Build.0 = Debug|Any CPU
		{3196FEF0-F965-4E07-AA47-FE11D357BBB4}.Release|Any CPU.ActiveCfg = Release|Any CPU
		{3196FEF0-F965-4E07-AA47-FE11D357BBB4}.Release|Any CPU.Build.0 = Release|Any CPU
	EndGlobalSection
	GlobalSection(SolutionProperties) = preSolution
		HideSolutionNode = FALSE
	EndGlobalSection
	GlobalSection(NestedProjects) = preSolution
		{EE694F3D-EC8A-4753-A5A0-6A44AD5F2526} = {D633D6C7-C972-47E4-89B6-CC60522FC17D}
		{5CBAA07B-9D51-4D1B-B211-EE33C7E8AA24} = {D633D6C7-C972-47E4-89B6-CC60522FC17D}
		{1B02D329-10F7-4CDE-BC2D-1B8635CD25FA} = {D633D6C7-C972-47E4-89B6-CC60522FC17D}
		{5B8A3E95-A08A-4942-8CFE-83A55C696C85} = {D633D6C7-C972-47E4-89B6-CC60522FC17D}
		{100649B6-CB33-4911-8172-62DB651031A9} = {D633D6C7-C972-47E4-89B6-CC60522FC17D}
		{3DD1BE1B-EE79-4896-B799-7A3DABC556CE} = {BE1E2CD1-99E3-4FE8-8ED4-226D8A55E357}
		{93A39FC5-C075-4926-9F97-649F66FE84D3} = {D633D6C7-C972-47E4-89B6-CC60522FC17D}
		{3196FEF0-F965-4E07-AA47-FE11D357BBB4} = {D633D6C7-C972-47E4-89B6-CC60522FC17D}
	EndGlobalSection
EndGlobal
